PODS:
  - ChameleonFramework/Default (2.1.0)
  - ChameleonFramework/Swift (2.1.0):
    - ChameleonFramework/Default

DEPENDENCIES:
  - ChameleonFramework/Swift (from `https://github.com/pateldhruvil96/Chameleon.git`)

EXTERNAL SOURCES:
  ChameleonFramework:
    :git: https://github.com/pateldhruvil96/Chameleon.git

CHECKOUT OPTIONS:
  ChameleonFramework:
    :commit: df4dc6e10fd67226fc874d9d91e5c40df5965aa6
    :git: https://github.com/pateldhruvil96/Chameleon.git

SPEC CHECKSUMS:
  ChameleonFramework: d21a3cc247abfe5e37609a283a8238b03575cf64

PODFILE CHECKSUM: bfa375dfe36d8152eae575d31168f19590919b07

COCOAPODS: 1.8.4
